
Microsoft Visual Studio Solution File, Format Version 12.00
# Visual Studio Version 16
VisualStudioVersion = 16.0.31702.278
MinimumVisualStudioVersion = 10.0.40219.1
Project("{8BC9CEB8-8B4A-11D0-8D11-00A0C91BC942}") = "вар 16 ч2", "вар 16 ч2\вар 16 ч2.vcxproj", "{D23A489F-4384-49DF-B780-68B1AF52D951}"
EndProject
Global
	GlobalSection(SolutionConfigurationPlatforms) = preSolution
		Debug|x64 = Debug|x64
		Debug|x86 = Debug|x86
		Release|x64 = Release|x64
		Release|x86 = Release|x86
	EndGlobalSection
	GlobalSection(ProjectConfigurationPlatforms) = postSolution
		{D23A489F-4384-49DF-B780-68B1AF52D951}.Debug|x64.ActiveCfg = Debug|x64
		{D23A489F-4384-49DF-B780-68B1AF52D951}.Debug|x64.Build.0 = Debug|x64
		{D23A489F-4384-49DF-B780-68B1AF52D951}.Debug|x86.ActiveCfg = Debug|Win32
		{D23A489F-4384-49DF-B780-68B1AF52D951}.Debug|x86.Build.0 = Debug|Win32
		{D23A489F-4384-49DF-B780-68B1AF52D951}.Release|x64.ActiveCfg = Release|x64
		{D23A489F-4384-49DF-B780-68B1AF52D951}.Release|x64.Build.0 = Release|x64
		{D23A489F-4384-49DF-B780-68B1AF52D951}.Release|x86.ActiveCfg = Release|Win32
		{D23A489F-4384-49DF-B780-68B1AF52D951}.Release|x86.Build.0 = Release|Win32
	EndGlobalSection
	GlobalSection(SolutionProperties) = preSolution
		HideSolutionNode = FALSE
	EndGlobalSection
	GlobalSection(ExtensibilityGlobals) = postSolution
		SolutionGuid = {2BFB6B97-7EF0-4E3D-9F3E-96FE4BFB6C7F}
	EndGlobalSection
EndGlobal
