
Microsoft Visual Studio Solution File, Format Version 12.00
# Visual Studio Version 16
VisualStudioVersion = 16.0.31702.278
MinimumVisualStudioVersion = 10.0.40219.1
Project("{8BC9CEB8-8B4A-11D0-8D11-00A0C91BC942}") = "Project1", "Project1\Project1.vcxproj", "{2991F7D8-A694-47F9-9A62-8A2417859238}"
EndProject
Project("{8BC9CEB8-8B4A-11D0-8D11-00A0C91BC942}") = "Main", "Main\Main.vcxproj", "{F0994228-A7A4-4C67-AC0B-CF4F4B8F04E9}"
EndProject
Global
	GlobalSection(SolutionConfigurationPlatforms) = preSolution
		Debug|x64 = Debug|x64
		Debug|x86 = Debug|x86
		Release|x64 = Release|x64
		Release|x86 = Release|x86
	EndGlobalSection
	GlobalSection(ProjectConfigurationPlatforms) = postSolution
		{2991F7D8-A694-47F9-9A62-8A2417859238}.Debug|x64.ActiveCfg = Debug|x64
		{2991F7D8-A694-47F9-9A62-8A2417859238}.Debug|x64.Build.0 = Debug|x64
		{2991F7D8-A694-47F9-9A62-8A2417859238}.Debug|x86.ActiveCfg = Debug|Win32
		{2991F7D8-A694-47F9-9A62-8A2417859238}.Debug|x86.Build.0 = Debug|Win32
		{2991F7D8-A694-47F9-9A62-8A2417859238}.Release|x64.ActiveCfg = Release|x64
		{2991F7D8-A694-47F9-9A62-8A2417859238}.Release|x64.Build.0 = Release|x64
		{2991F7D8-A694-47F9-9A62-8A2417859238}.Release|x86.ActiveCfg = Release|Win32
		{2991F7D8-A694-47F9-9A62-8A2417859238}.Release|x86.Build.0 = Release|Win32
		{F0994228-A7A4-4C67-AC0B-CF4F4B8F04E9}.Debug|x64.ActiveCfg = Debug|x64
		{F0994228-A7A4-4C67-AC0B-CF4F4B8F04E9}.Debug|x64.Build.0 = Debug|x64
		{F0994228-A7A4-4C67-AC0B-CF4F4B8F04E9}.Debug|x86.ActiveCfg = Debug|Win32
		{F0994228-A7A4-4C67-AC0B-CF4F4B8F04E9}.Debug|x86.Build.0 = Debug|Win32
		{F0994228-A7A4-4C67-AC0B-CF4F4B8F04E9}.Release|x64.ActiveCfg = Release|x64
		{F0994228-A7A4-4C67-AC0B-CF4F4B8F04E9}.Release|x64.Build.0 = Release|x64
		{F0994228-A7A4-4C67-AC0B-CF4F4B8F04E9}.Release|x86.ActiveCfg = Release|Win32
		{F0994228-A7A4-4C67-AC0B-CF4F4B8F04E9}.Release|x86.Build.0 = Release|Win32
	EndGlobalSection
	GlobalSection(SolutionProperties) = preSolution
		HideSolutionNode = FALSE
	EndGlobalSection
	GlobalSection(ExtensibilityGlobals) = postSolution
		SolutionGuid = {A632CF2B-9BBE-45D8-AF0F-7E0A0CB9DC8C}
	EndGlobalSection
EndGlobal
