
Microsoft Visual Studio Solution File, Format Version 12.00
# Visual Studio Version 16
VisualStudioVersion = 16.0.31702.278
MinimumVisualStudioVersion = 10.0.40219.1
Project("{8BC9CEB8-8B4A-11D0-8D11-00A0C91BC942}") = "dop1", "dop1\dop1.vcxproj", "{84BE6629-5385-4E12-81CD-38BA3FE10B1C}"
EndProject
Project("{8BC9CEB8-8B4A-11D0-8D11-00A0C91BC942}") = "dop2", "dop2\dop2.vcxproj", "{06E8365F-226C-4CDD-9F4B-B2E23DE5C029}"
EndProject
Project("{8BC9CEB8-8B4A-11D0-8D11-00A0C91BC942}") = "dop3", "dop3\dop3.vcxproj", "{31159873-9277-4796-9437-3CA5B52B6E46}"
EndProject
Global
	GlobalSection(SolutionConfigurationPlatforms) = preSolution
		Debug|x64 = Debug|x64
		Debug|x86 = Debug|x86
		Release|x64 = Release|x64
		Release|x86 = Release|x86
	EndGlobalSection
	GlobalSection(ProjectConfigurationPlatforms) = postSolution
		{84BE6629-5385-4E12-81CD-38BA3FE10B1C}.Debug|x64.ActiveCfg = Debug|x64
		{84BE6629-5385-4E12-81CD-38BA3FE10B1C}.Debug|x64.Build.0 = Debug|x64
		{84BE6629-5385-4E12-81CD-38BA3FE10B1C}.Debug|x86.ActiveCfg = Debug|Win32
		{84BE6629-5385-4E12-81CD-38BA3FE10B1C}.Debug|x86.Build.0 = Debug|Win32
		{84BE6629-5385-4E12-81CD-38BA3FE10B1C}.Release|x64.ActiveCfg = Release|x64
		{84BE6629-5385-4E12-81CD-38BA3FE10B1C}.Release|x64.Build.0 = Release|x64
		{84BE6629-5385-4E12-81CD-38BA3FE10B1C}.Release|x86.ActiveCfg = Release|Win32
		{84BE6629-5385-4E12-81CD-38BA3FE10B1C}.Release|x86.Build.0 = Release|Win32
		{06E8365F-226C-4CDD-9F4B-B2E23DE5C029}.Debug|x64.ActiveCfg = Debug|x64
		{06E8365F-226C-4CDD-9F4B-B2E23DE5C029}.Debug|x64.Build.0 = Debug|x64
		{06E8365F-226C-4CDD-9F4B-B2E23DE5C029}.Debug|x86.ActiveCfg = Debug|Win32
		{06E8365F-226C-4CDD-9F4B-B2E23DE5C029}.Debug|x86.Build.0 = Debug|Win32
		{06E8365F-226C-4CDD-9F4B-B2E23DE5C029}.Release|x64.ActiveCfg = Release|x64
		{06E8365F-226C-4CDD-9F4B-B2E23DE5C029}.Release|x64.Build.0 = Release|x64
		{06E8365F-226C-4CDD-9F4B-B2E23DE5C029}.Release|x86.ActiveCfg = Release|Win32
		{06E8365F-226C-4CDD-9F4B-B2E23DE5C029}.Release|x86.Build.0 = Release|Win32
		{31159873-9277-4796-9437-3CA5B52B6E46}.Debug|x64.ActiveCfg = Debug|x64
		{31159873-9277-4796-9437-3CA5B52B6E46}.Debug|x64.Build.0 = Debug|x64
		{31159873-9277-4796-9437-3CA5B52B6E46}.Debug|x86.ActiveCfg = Debug|Win32
		{31159873-9277-4796-9437-3CA5B52B6E46}.Debug|x86.Build.0 = Debug|Win32
		{31159873-9277-4796-9437-3CA5B52B6E46}.Release|x64.ActiveCfg = Release|x64
		{31159873-9277-4796-9437-3CA5B52B6E46}.Release|x64.Build.0 = Release|x64
		{31159873-9277-4796-9437-3CA5B52B6E46}.Release|x86.ActiveCfg = Release|Win32
		{31159873-9277-4796-9437-3CA5B52B6E46}.Release|x86.Build.0 = Release|Win32
	EndGlobalSection
	GlobalSection(SolutionProperties) = preSolution
		HideSolutionNode = FALSE
	EndGlobalSection
	GlobalSection(ExtensibilityGlobals) = postSolution
		SolutionGuid = {1D6AAA77-22FE-47EB-BFB1-BDD3147E79B8}
	EndGlobalSection
EndGlobal
